// !$*UTF8*$!
{
	archiveVersion = 1;
	classes = {
	};
	objectVersion = 46;
	objects = {

/* Begin PBXBuildFile section */
		1880DFE91CAC86C200AC3D12 /* GameBoardLayout.m in Sources */ = {isa = PBXBuildFile; fileRef = 1880DFE81CAC86C200AC3D12 /* GameBoardLayout.m */; };
		18AFE00A1CAB097C00DBB87D /* main.m in Sources */ = {isa = PBXBuildFile; fileRef = 18AFE0091CAB097C00DBB87D /* main.m */; };
		18AFE00D1CAB097C00DBB87D /* AppDelegate.m in Sources */ = {isa = PBXBuildFile; fileRef = 18AFE00C1CAB097C00DBB87D /* AppDelegate.m */; };
		18AFE0101CAB097C00DBB87D /* MainViewController.m in Sources */ = {isa = PBXBuildFile; fileRef = 18AFE00F1CAB097C00DBB87D /* MainViewController.m */; };
		18AFE0131CAB097C00DBB87D /* Main.storyboard in Resources */ = {isa = PBXBuildFile; fileRef = 18AFE0111CAB097C00DBB87D /* Main.storyboard */; };
		18AFE0151CAB097C00DBB87D /* Assets.xcassets in Resources */ = {isa = PBXBuildFile; fileRef = 18AFE0141CAB097C00DBB87D /* Assets.xcassets */; };
		18AFE0181CAB097C00DBB87D /* LaunchScreen.storyboard in Resources */ = {isa = PBXBuildFile; fileRef = 18AFE0161CAB097C00DBB87D /* LaunchScreen.storyboard */; };
		18AFE0231CAB0D8300DBB87D /* GameBoardView.m in Sources */ = {isa = PBXBuildFile; fileRef = 18AFE0221CAB0D8300DBB87D /* GameBoardView.m */; };
		18AFE0301CAB314000DBB87D /* Global.m in Sources */ = {isa = PBXBuildFile; fileRef = 18AFE02F1CAB314000DBB87D /* Global.m */; };
/* End PBXBuildFile section */

/* Begin PBXFileReference section */
		1880DFE71CAC86C200AC3D12 /* GameBoardLayout.h */ = {isa = PBXFileReference; fileEncoding = 4; lastKnownFileType = sourcecode.c.h; name = GameBoardLayout.h; path = "ObjC-Context/GameBoardLayout.h"; sourceTree = "<group>"; };
		1880DFE81CAC86C200AC3D12 /* GameBoardLayout.m */ = {isa = PBXFileReference; fileEncoding = 4; lastKnownFileType = sourcecode.c.objc; name = GameBoardLayout.m; path = "ObjC-Context/GameBoardLayout.m"; sourceTree = "<group>"; };
		18AFE0051CAB097C00DBB87D /* ObjC-Context.app */ = {isa = PBXFileReference; explicitFileType = wrapper.application; includeInIndex = 0; path = "ObjC-Context.app"; sourceTree = BUILT_PRODUCTS_DIR; };
		18AFE0091CAB097C00DBB87D /* main.m */ = {isa = PBXFileReference; lastKnownFileType = sourcecode.c.objc; path = main.m; sourceTree = "<group>"; };
		18AFE00B1CAB097C00DBB87D /* AppDelegate.h */ = {isa = PBXFileReference; lastKnownFileType = sourcecode.c.h; path = AppDelegate.h; sourceTree = "<group>"; };
		18AFE00C1CAB097C00DBB87D /* AppDelegate.m */ = {isa = PBXFileReference; lastKnownFileType = sourcecode.c.objc; path = AppDelegate.m; sourceTree = "<group>"; };
		18AFE00E1CAB097C00DBB87D /* MainViewController.h */ = {isa = PBXFileReference; lastKnownFileType = sourcecode.c.h; path = MainViewController.h; sourceTree = "<group>"; };
		18AFE00F1CAB097C00DBB87D /* MainViewController.m */ = {isa = PBXFileReference; lastKnownFileType = sourcecode.c.objc; path = MainViewController.m; sourceTree = "<group>"; };
		18AFE0121CAB097C00DBB87D /* Base */ = {isa = PBXFileReference; lastKnownFileType = file.storyboard; name = Base; path = Base.lproj/Main.storyboard; sourceTree = "<group>"; };
		18AFE0141CAB097C00DBB87D /* Assets.xcassets */ = {isa = PBXFileReference; lastKnownFileType = folder.assetcatalog; path = Assets.xcassets; sourceTree = "<group>"; };
		18AFE0171CAB097C00DBB87D /* Base */ = {isa = PBXFileReference; lastKnownFileType = file.storyboard; name = Base; path = Base.lproj/LaunchScreen.storyboard; sourceTree = "<group>"; };
		18AFE0191CAB097C00DBB87D /* Info.plist */ = {isa = PBXFileReference; lastKnownFileType = text.plist.xml; path = Info.plist; sourceTree = "<group>"; };
		18AFE0211CAB0D8300DBB87D /* GameBoardView.h */ = {isa = PBXFileReference; fileEncoding = 4; lastKnownFileType = sourcecode.c.h; name = GameBoardView.h; path = "ObjC-Context/GameBoardView.h"; sourceTree = "<group>"; };
		18AFE0221CAB0D8300DBB87D /* GameBoardView.m */ = {isa = PBXFileReference; fileEncoding = 4; lastKnownFileType = sourcecode.c.objc; name = GameBoardView.m; path = "ObjC-Context/GameBoardView.m"; sourceTree = "<group>"; };
		18AFE02E1CAB314000DBB87D /* Global.h */ = {isa = PBXFileReference; fileEncoding = 4; lastKnownFileType = sourcecode.c.h; name = Global.h; path = "ObjC-Context/Global.h"; sourceTree = "<group>"; };
		18AFE02F1CAB314000DBB87D /* Global.m */ = {isa = PBXFileReference; fileEncoding = 4; lastKnownFileType = sourcecode.c.objc; name = Global.m; path = "ObjC-Context/Global.m"; sourceTree = "<group>"; };
/* End PBXFileReference section */

/* Begin PBXFrameworksBuildPhase section */
		18AFE0021CAB097C00DBB87D /* Frameworks */ = {
			isa = PBXFrameworksBuildPhase;
			buildActionMask = 2147483647;
			files = (
			);
			runOnlyForDeploymentPostprocessing = 0;
		};
/* End PBXFrameworksBuildPhase section */

/* Begin PBXGroup section */
		1880DFE51CAC859100AC3D12 /* Global Variables */ = {
			isa = PBXGroup;
			children = (
				18AFE02E1CAB314000DBB87D /* Global.h */,
				18AFE02F1CAB314000DBB87D /* Global.m */,
			);
			name = "Global Variables";
			sourceTree = "<group>";
		};
		1880DFE61CAC85C600AC3D12 /* Storyboards */ = {
			isa = PBXGroup;
			children = (
				18AFE0111CAB097C00DBB87D /* Main.storyboard */,
				18AFE0161CAB097C00DBB87D /* LaunchScreen.storyboard */,
			);
			name = Storyboards;
			sourceTree = "<group>";
		};
		18AFDFFC1CAB097C00DBB87D = {
			isa = PBXGroup;
			children = (
				18AFE01F1CAB09E300DBB87D /* AppDelegate */,
				1880DFE51CAC859100AC3D12 /* Global Variables */,
				18AFE0201CAB09FD00DBB87D /* ViewController */,
				18DFCD5C1CAD8809000A5B2A /* Layout */,
				18AFE0241CAB0D8E00DBB87D /* Views */,
				1880DFE61CAC85C600AC3D12 /* Storyboards */,
				18AFE0071CAB097C00DBB87D /* Resources */,
				18AFE0061CAB097C00DBB87D /* Products */,
			);
			sourceTree = "<group>";
		};
		18AFE0061CAB097C00DBB87D /* Products */ = {
			isa = PBXGroup;
			children = (
				18AFE0051CAB097C00DBB87D /* ObjC-Context.app */,
			);
			name = Products;
			sourceTree = "<group>";
		};
		18AFE0071CAB097C00DBB87D /* Resources */ = {
			isa = PBXGroup;
			children = (
				18AFE0191CAB097C00DBB87D /* Info.plist */,
				18AFE0141CAB097C00DBB87D /* Assets.xcassets */,
				18AFE0081CAB097C00DBB87D /* Supporting Files */,
			);
			name = Resources;
			path = "ObjC-Context";
			sourceTree = "<group>";
		};
		18AFE0081CAB097C00DBB87D /* Supporting Files */ = {
			isa = PBXGroup;
			children = (
				18AFE0091CAB097C00DBB87D /* main.m */,
			);
			name = "Supporting Files";
			sourceTree = "<group>";
		};
		18AFE01F1CAB09E300DBB87D /* AppDelegate */ = {
			isa = PBXGroup;
			children = (
				18AFE00B1CAB097C00DBB87D /* AppDelegate.h */,
				18AFE00C1CAB097C00DBB87D /* AppDelegate.m */,
			);
			name = AppDelegate;
			path = "ObjC-Context";
			sourceTree = "<group>";
		};
		18AFE0201CAB09FD00DBB87D /* ViewController */ = {
			isa = PBXGroup;
			children = (
				18AFE00E1CAB097C00DBB87D /* MainViewController.h */,
				18AFE00F1CAB097C00DBB87D /* MainViewController.m */,
			);
			name = ViewController;
			path = "ObjC-Context";
			sourceTree = "<group>";
		};
		18AFE0241CAB0D8E00DBB87D /* Views */ = {
			isa = PBXGroup;
			children = (
				18AFE0211CAB0D8300DBB87D /* GameBoardView.h */,
				18AFE0221CAB0D8300DBB87D /* GameBoardView.m */,
			);
			name = Views;
			sourceTree = "<group>";
		};
		18DFCD5C1CAD8809000A5B2A /* Layout */ = {
			isa = PBXGroup;
			children = (
				1880DFE71CAC86C200AC3D12 /* GameBoardLayout.h */,
				1880DFE81CAC86C200AC3D12 /* GameBoardLayout.m */,
			);
			name = Layout;
			sourceTree = "<group>";
		};
/* End PBXGroup section */

/* Begin PBXNativeTarget section */
		18AFE0041CAB097C00DBB87D /* ObjC-Context */ = {
			isa = PBXNativeTarget;
			buildConfigurationList = 18AFE01C1CAB097C00DBB87D /* Build configuration list for PBXNativeTarget "ObjC-Context" */;
			buildPhases = (
				18AFE0011CAB097C00DBB87D /* Sources */,
				18AFE0021CAB097C00DBB87D /* Frameworks */,
				18AFE0031CAB097C00DBB87D /* Resources */,
			);
			buildRules = (
			);
			dependencies = (
			);
			name = "ObjC-Context";
			productName = "ObjC-Context";
			productReference = 18AFE0051CAB097C00DBB87D /* ObjC-Context.app */;
			productType = "com.apple.product-type.application";
		};
/* End PBXNativeTarget section */

/* Begin PBXProject section */
		18AFDFFD1CAB097C00DBB87D /* Project object */ = {
			isa = PBXProject;
			attributes = {
				LastUpgradeCheck = 0800;
				ORGANIZATIONNAME = "Amourine Technologies";
				TargetAttributes = {
					18AFE0041CAB097C00DBB87D = {
						CreatedOnToolsVersion = 7.3;
						DevelopmentTeam = K37T3754ES;
					};
				};
			};
			buildConfigurationList = 18AFE0001CAB097C00DBB87D /* Build configuration list for PBXProject "ObjC-Context" */;
			compatibilityVersion = "Xcode 3.2";
			developmentRegion = English;
			hasScannedForEncodings = 0;
			knownRegions = (
				en,
				Base,
			);
			mainGroup = 18AFDFFC1CAB097C00DBB87D;
			productRefGroup = 18AFE0061CAB097C00DBB87D /* Products */;
			projectDirPath = "";
			projectRoot = "";
			targets = (
				18AFE0041CAB097C00DBB87D /* ObjC-Context */,
			);
		};
/* End PBXProject section */

/* Begin PBXResourcesBuildPhase section */
		18AFE0031CAB097C00DBB87D /* Resources */ = {
			isa = PBXResourcesBuildPhase;
			buildActionMask = 2147483647;
			files = (
				18AFE0181CAB097C00DBB87D /* LaunchScreen.storyboard in Resources */,
				18AFE0151CAB097C00DBB87D /* Assets.xcassets in Resources */,
				18AFE0131CAB097C00DBB87D /* Main.storyboard in Resources */,
			);
			runOnlyForDeploymentPostprocessing = 0;
		};
/* End PBXResourcesBuildPhase section */

/* Begin PBXSourcesBuildPhase section */
		18AFE0011CAB097C00DBB87D /* Sources */ = {
			isa = PBXSourcesBuildPhase;
			buildActionMask = 2147483647;
			files = (
				18AFE0101CAB097C00DBB87D /* MainViewController.m in Sources */,
				18AFE00D1CAB097C00DBB87D /* AppDelegate.m in Sources */,
				1880DFE91CAC86C200AC3D12 /* GameBoardLayout.m in Sources */,
				18AFE00A1CAB097C00DBB87D /* main.m in Sources */,
				18AFE0301CAB314000DBB87D /* Global.m in Sources */,
				18AFE0231CAB0D8300DBB87D /* GameBoardView.m in Sources */,
			);
			runOnlyForDeploymentPostprocessing = 0;
		};
/* End PBXSourcesBuildPhase section */

/* Begin PBXVariantGroup section */
		18AFE0111CAB097C00DBB87D /* Main.storyboard */ = {
			isa = PBXVariantGroup;
			children = (
				18AFE0121CAB097C00DBB87D /* Base */,
			);
			name = Main.storyboard;
			path = "ObjC-Context";
			sourceTree = "<group>";
		};
		18AFE0161CAB097C00DBB87D /* LaunchScreen.storyboard */ = {
			isa = PBXVariantGroup;
			children = (
				18AFE0171CAB097C00DBB87D /* Base */,
			);
			name = LaunchScreen.storyboard;
			path = "ObjC-Context";
			sourceTree = "<group>";
		};
/* End PBXVariantGroup section */

/* Begin XCBuildConfiguration section */
		18AFE01A1CAB097C00DBB87D /* Debug */ = {
			isa = XCBuildConfiguration;
			buildSettings = {
				ALWAYS_SEARCH_USER_PATHS = NO;
				CLANG_ANALYZER_NONNULL = YES;
				CLANG_CXX_LANGUAGE_STANDARD = "gnu++0x";
				CLANG_CXX_LIBRARY = "libc++";
				CLANG_ENABLE_MODULES = YES;
				CLANG_ENABLE_OBJC_ARC = YES;
				CLANG_WARN_BOOL_CONVERSION = YES;
				CLANG_WARN_CONSTANT_CONVERSION = YES;
				CLANG_WARN_DIRECT_OBJC_ISA_USAGE = YES_ERROR;
				CLANG_WARN_EMPTY_BODY = YES;
				CLANG_WARN_ENUM_CONVERSION = YES;
				CLANG_WARN_INFINITE_RECURSION = YES;
				CLANG_WARN_INT_CONVERSION = YES;
				CLANG_WARN_OBJC_ROOT_CLASS = YES_ERROR;
				CLANG_WARN_SUSPICIOUS_MOVE = YES;
				CLANG_WARN_UNREACHABLE_CODE = YES;
				CLANG_WARN__DUPLICATE_METHOD_MATCH = YES;
				"CODE_SIGN_IDENTITY[sdk=iphoneos*]" = "iPhone Developer";
				COPY_PHASE_STRIP = NO;
				DEBUG_INFORMATION_FORMAT = dwarf;
				ENABLE_STRICT_OBJC_MSGSEND = YES;
				ENABLE_TESTABILITY = YES;
				GCC_C_LANGUAGE_STANDARD = gnu99;
				GCC_DYNAMIC_NO_PIC = NO;
				GCC_NO_COMMON_BLOCKS = YES;
				GCC_OPTIMIZATION_LEVEL = 0;
				GCC_PRECOMPILE_PREFIX_HEADER = YES;
				GCC_PREFIX_HEADER = "ObjC-Context/Global.h";
				GCC_PREPROCESSOR_DEFINITIONS = (
					"DEBUG=1",
					"$(inherited)",
				);
				GCC_WARN_64_TO_32_BIT_CONVERSION = YES;
				GCC_WARN_ABOUT_RETURN_TYPE = YES_ERROR;
				GCC_WARN_UNDECLARED_SELECTOR = YES;
				GCC_WARN_UNINITIALIZED_AUTOS = YES_AGGRESSIVE;
				GCC_WARN_UNUSED_FUNCTION = YES;
				GCC_WARN_UNUSED_VARIABLE = YES;
				IPHONEOS_DEPLOYMENT_TARGET = 9.3;
				MTL_ENABLE_DEBUG_INFO = YES;
				ONLY_ACTIVE_ARCH = YES;
				SDKROOT = iphoneos;
			};
			name = Debug;
		};
		18AFE01B1CAB097C00DBB87D /* Release */ = {
			isa = XCBuildConfiguration;
			buildSettings = {
				ALWAYS_SEARCH_USER_PATHS = NO;
				CLANG_ANALYZER_NONNULL = YES;
				CLANG_CXX_LANGUAGE_STANDARD = "gnu++0x";
				CLANG_CXX_LIBRARY = "libc++";
				CLANG_ENABLE_MODULES = YES;
				CLANG_ENABLE_OBJC_ARC = YES;
				CLANG_WARN_BOOL_CONVERSION = YES;
				CLANG_WARN_CONSTANT_CONVERSION = YES;
				CLANG_WARN_DIRECT_OBJC_ISA_USAGE = YES_ERROR;
				CLANG_WARN_EMPTY_BODY = YES;
				CLANG_WARN_ENUM_CONVERSION = YES;
				CLANG_WARN_INFINITE_RECURSION = YES;
				CLANG_WARN_INT_CONVERSION = YES;
				CLANG_WARN_OBJC_ROOT_CLASS = YES_ERROR;
				CLANG_WARN_SUSPICIOUS_MOVE = YES;
				CLANG_WARN_UNREACHABLE_CODE = YES;
				CLANG_WARN__DUPLICATE_METHOD_MATCH = YES;
				"CODE_SIGN_IDENTITY[sdk=iphoneos*]" = "iPhone Developer";
				COPY_PHASE_STRIP = NO;
				DEBUG_INFORMATION_FORMAT = "dwarf-with-dsym";
				ENABLE_NS_ASSERTIONS = NO;
				ENABLE_STRICT_OBJC_MSGSEND = YES;
				GCC_C_LANGUAGE_STANDARD = gnu99;
				GCC_NO_COMMON_BLOCKS = YES;
				GCC_PRECOMPILE_PREFIX_HEADER = YES;
				GCC_WARN_64_TO_32_BIT_CONVERSION = YES;
				GCC_WARN_ABOUT_RETURN_TYPE = YES_ERROR;
				GCC_WARN_UNDECLARED_SELECTOR = YES;
				GCC_WARN_UNINITIALIZED_AUTOS = YES_AGGRESSIVE;
				GCC_WARN_UNUSED_FUNCTION = YES;
				GCC_WARN_UNUSED_VARIABLE = YES;
				IPHONEOS_DEPLOYMENT_TARGET = 9.3;
				MTL_ENABLE_DEBUG_INFO = NO;
				SDKROOT = iphoneos;
				VALIDATE_PRODUCT = YES;
			};
			name = Release;
		};
		18AFE01D1CAB097C00DBB87D /* Debug */ = {
			isa = XCBuildConfiguration;
			buildSettings = {
				ASSETCATALOG_COMPILER_APPICON_NAME = AppIcon;
				DEVELOPMENT_TEAM = K37T3754ES;
				INFOPLIST_FILE = "ObjC-Context/Info.plist";
				LD_RUNPATH_SEARCH_PATHS = "$(inherited) @executable_path/Frameworks";
				PRODUCT_BUNDLE_IDENTIFIER = "com.AmourineTech.ObjC-Context";
				PRODUCT_NAME = "$(TARGET_NAME)";
			};
			name = Debug;
		};
		18AFE01E1CAB097C00DBB87D /* Release */ = {
			isa = XCBuildConfiguration;
			buildSettings = {
				ASSETCATALOG_COMPILER_APPICON_NAME = AppIcon;
				DEVELOPMENT_TEAM = K37T3754ES;
				INFOPLIST_FILE = "ObjC-Context/Info.plist";
				LD_RUNPATH_SEARCH_PATHS = "$(inherited) @executable_path/Frameworks";
				PRODUCT_BUNDLE_IDENTIFIER = "com.AmourineTech.ObjC-Context";
				PRODUCT_NAME = "$(TARGET_NAME)";
			};
			name = Release;
		};
/* End XCBuildConfiguration section */

/* Begin XCConfigurationList section */
		18AFE0001CAB097C00DBB87D /* Build configuration list for PBXProject "ObjC-Context" */ = {
			isa = XCConfigurationList;
			buildConfigurations = (
				18AFE01A1CAB097C00DBB87D /* Debug */,
				18AFE01B1CAB097C00DBB87D /* Release */,
			);
			defaultConfigurationIsVisible = 0;
			defaultConfigurationName = Release;
		};
		18AFE01C1CAB097C00DBB87D /* Build configuration list for PBXNativeTarget "ObjC-Context" */ = {
			isa = XCConfigurationList;
			buildConfigurations = (
				18AFE01D1CAB097C00DBB87D /* Debug */,
				18AFE01E1CAB097C00DBB87D /* Release */,
			);
			defaultConfigurationIsVisible = 0;
			defaultConfigurationName = Release;
		};
/* End XCConfigurationList section */
	};
	rootObject = 18AFDFFD1CAB097C00DBB87D /* Project object */;
}
